
Microsoft Visual Studio Solution File, Format Version 12.00
# Visual Studio Version 17
VisualStudioVersion = 17.11.35312.102
MinimumVisualStudioVersion = 10.0.40219.1
Project("{888888A0-9F3D-457C-B088-3A5042F75D52}") = "Polindrom_Checker", "Polindrom_Checker\Polindrom_Checker.pyproj", "{9A43DC55-9A79-469F-BE4B-1E46814DEF26}"
EndProject
Global
	GlobalSection(SolutionConfigurationPlatforms) = preSolution
		Debug|Any CPU = Debug|Any CPU
		Release|Any CPU = Release|Any CPU
	EndGlobalSection
	GlobalSection(ProjectConfigurationPlatforms) = postSolution
		{9A43DC55-9A79-469F-BE4B-1E46814DEF26}.Debug|Any CPU.ActiveCfg = Debug|Any CPU
		{9A43DC55-9A79-469F-BE4B-1E46814DEF26}.Release|Any CPU.ActiveCfg = Release|Any CPU
	EndGlobalSection
	GlobalSection(SolutionProperties) = preSolution
		HideSolutionNode = FALSE
	EndGlobalSection
	GlobalSection(ExtensibilityGlobals) = postSolution
		SolutionGuid = {F9F76AEB-CDAD-4C93-89E8-B8817249EAB6}
	EndGlobalSection
EndGlobal
